
Microsoft Visual Studio Solution File, Format Version 12.00
# Visual Studio 15
VisualStudioVersion = 15.0.26124.0
MinimumVisualStudioVersion = 15.0.26124.0
Project("{FAE04EC0-301F-11D3-BF4B-00C04F79EFBC}") = "OGS.Console", "OGS.Console\OGS.Console.csproj", "{2D9545C9-B47D-4A88-AF3D-02AEB0A202EE}"
EndProject
Project("{FAE04EC0-301F-11D3-BF4B-00C04F79EFBC}") = "OGS.Domain", "OGS.Domain\OGS.Domain.csproj", "{F4C75801-AE7D-41C2-83CC-24EF5C44DA49}"
EndProject
Project("{FAE04EC0-301F-11D3-BF4B-00C04F79EFBC}") = "OGS.Messager", "OGS.Messager\OGS.Messager.csproj", "{C4ED8C00-A79D-492B-8BB9-0DCC9A166B0B}"
EndProject
Global
	GlobalSection(SolutionConfigurationPlatforms) = preSolution
		Debug|Any CPU = Debug|Any CPU
		Debug|x64 = Debug|x64
		Debug|x86 = Debug|x86
		Release|Any CPU = Release|Any CPU
		Release|x64 = Release|x64
		Release|x86 = Release|x86
	EndGlobalSection
	GlobalSection(SolutionProperties) = preSolution
		HideSolutionNode = FALSE
	EndGlobalSection
	GlobalSection(ProjectConfigurationPlatforms) = postSolution
		{2D9545C9-B47D-4A88-AF3D-02AEB0A202EE}.Debug|Any CPU.ActiveCfg = Debug|Any CPU
		{2D9545C9-B47D-4A88-AF3D-02AEB0A202EE}.Debug|Any CPU.Build.0 = Debug|Any CPU
		{2D9545C9-B47D-4A88-AF3D-02AEB0A202EE}.Debug|x64.ActiveCfg = Debug|Any CPU
		{2D9545C9-B47D-4A88-AF3D-02AEB0A202EE}.Debug|x64.Build.0 = Debug|Any CPU
		{2D9545C9-B47D-4A88-AF3D-02AEB0A202EE}.Debug|x86.ActiveCfg = Debug|Any CPU
		{2D9545C9-B47D-4A88-AF3D-02AEB0A202EE}.Debug|x86.Build.0 = Debug|Any CPU
		{2D9545C9-B47D-4A88-AF3D-02AEB0A202EE}.Release|Any CPU.ActiveCfg = Release|Any CPU
		{2D9545C9-B47D-4A88-AF3D-02AEB0A202EE}.Release|Any CPU.Build.0 = Release|Any CPU
		{2D9545C9-B47D-4A88-AF3D-02AEB0A202EE}.Release|x64.ActiveCfg = Release|Any CPU
		{2D9545C9-B47D-4A88-AF3D-02AEB0A202EE}.Release|x64.Build.0 = Release|Any CPU
		{2D9545C9-B47D-4A88-AF3D-02AEB0A202EE}.Release|x86.ActiveCfg = Release|Any CPU
		{2D9545C9-B47D-4A88-AF3D-02AEB0A202EE}.Release|x86.Build.0 = Release|Any CPU
		{F4C75801-AE7D-41C2-83CC-24EF5C44DA49}.Debug|Any CPU.ActiveCfg = Debug|Any CPU
		{F4C75801-AE7D-41C2-83CC-24EF5C44DA49}.Debug|Any CPU.Build.0 = Debug|Any CPU
		{F4C75801-AE7D-41C2-83CC-24EF5C44DA49}.Debug|x64.ActiveCfg = Debug|Any CPU
		{F4C75801-AE7D-41C2-83CC-24EF5C44DA49}.Debug|x64.Build.0 = Debug|Any CPU
		{F4C75801-AE7D-41C2-83CC-24EF5C44DA49}.Debug|x86.ActiveCfg = Debug|Any CPU
		{F4C75801-AE7D-41C2-83CC-24EF5C44DA49}.Debug|x86.Build.0 = Debug|Any CPU
		{F4C75801-AE7D-41C2-83CC-24EF5C44DA49}.Release|Any CPU.ActiveCfg = Release|Any CPU
		{F4C75801-AE7D-41C2-83CC-24EF5C44DA49}.Release|Any CPU.Build.0 = Release|Any CPU
		{F4C75801-AE7D-41C2-83CC-24EF5C44DA49}.Release|x64.ActiveCfg = Release|Any CPU
		{F4C75801-AE7D-41C2-83CC-24EF5C44DA49}.Release|x64.Build.0 = Release|Any CPU
		{F4C75801-AE7D-41C2-83CC-24EF5C44DA49}.Release|x86.ActiveCfg = Release|Any CPU
		{F4C75801-AE7D-41C2-83CC-24EF5C44DA49}.Release|x86.Build.0 = Release|Any CPU
		{C4ED8C00-A79D-492B-8BB9-0DCC9A166B0B}.Debug|Any CPU.ActiveCfg = Debug|Any CPU
		{C4ED8C00-A79D-492B-8BB9-0DCC9A166B0B}.Debug|Any CPU.Build.0 = Debug|Any CPU
		{C4ED8C00-A79D-492B-8BB9-0DCC9A166B0B}.Debug|x64.ActiveCfg = Debug|Any CPU
		{C4ED8C00-A79D-492B-8BB9-0DCC9A166B0B}.Debug|x64.Build.0 = Debug|Any CPU
		{C4ED8C00-A79D-492B-8BB9-0DCC9A166B0B}.Debug|x86.ActiveCfg = Debug|Any CPU
		{C4ED8C00-A79D-492B-8BB9-0DCC9A166B0B}.Debug|x86.Build.0 = Debug|Any CPU
		{C4ED8C00-A79D-492B-8BB9-0DCC9A166B0B}.Release|Any CPU.ActiveCfg = Release|Any CPU
		{C4ED8C00-A79D-492B-8BB9-0DCC9A166B0B}.Release|Any CPU.Build.0 = Release|Any CPU
		{C4ED8C00-A79D-492B-8BB9-0DCC9A166B0B}.Release|x64.ActiveCfg = Release|Any CPU
		{C4ED8C00-A79D-492B-8BB9-0DCC9A166B0B}.Release|x64.Build.0 = Release|Any CPU
		{C4ED8C00-A79D-492B-8BB9-0DCC9A166B0B}.Release|x86.ActiveCfg = Release|Any CPU
		{C4ED8C00-A79D-492B-8BB9-0DCC9A166B0B}.Release|x86.Build.0 = Release|Any CPU
	EndGlobalSection
EndGlobal
